
Microsoft Visual Studio Solution File, Format Version 12.00
# Visual Studio Version 17
VisualStudioVersion = 17.14.37216.2 d17.14
MinimumVisualStudioVersion = 10.0.40219.1
Project("{FAE04EC0-301F-11D3-BF4B-00C04F79EFBC}") = "Eventhub", "Eventhub\Eventhub.csproj", "{DBC1BF57-1485-4BC6-90F1-57A1585CC8A5}"
EndProject
Global
	GlobalSection(SolutionConfigurationPlatforms) = preSolution
		Debug|Any CPU = Debug|Any CPU
		Release|Any CPU = Release|Any CPU
	EndGlobalSection
	GlobalSection(ProjectConfigurationPlatforms) = postSolution
		{DBC1BF57-1485-4BC6-90F1-57A1585CC8A5}.Debug|Any CPU.ActiveCfg = Debug|Any CPU
		{DBC1BF57-1485-4BC6-90F1-57A1585CC8A5}.Debug|Any CPU.Build.0 = Debug|Any CPU
		{DBC1BF57-1485-4BC6-90F1-57A1585CC8A5}.Release|Any CPU.ActiveCfg = Release|Any CPU
		{DBC1BF57-1485-4BC6-90F1-57A1585CC8A5}.Release|Any CPU.Build.0 = Release|Any CPU
	EndGlobalSection
	GlobalSection(SolutionProperties) = preSolution
		HideSolutionNode = FALSE
	EndGlobalSection
	GlobalSection(ExtensibilityGlobals) = postSolution
		SolutionGuid = {72389632-B06A-4126-9176-9C241F5CC1A7}
	EndGlobalSection
EndGlobal
